<?xml version="1.0" encoding="utf-8"?>
<Project ToolsVersion="4.0" xmlns="http://schemas.microsoft.com/developer/msbuild/2003">
  <ItemGroup>
    <Filter Include="Header Files">
      <UniqueIdentifier>{93995380-89BD-4b04-88EB-625FBE52EBFB}</UniqueIdentifier>
      <Extensions>h;hpp;hxx;hm;inl;inc;xsd</Extensions>
    </Filter>
    <Filter Include="Source files">
      <UniqueIdentifier>{df07e136-984d-475d-99a2-e2cb146c6ec9}</UniqueIdentifier>
    </Filter>
  </ItemGroup>
  <ItemGroup>
    <ClInclude Include="ttMacros.h">
      <Filter>Header Files</Filter>
    </ClInclude>
    <ClInclude Include="ttMemoryManager.h">
      <Filter>Header Files</Filter>
    </ClInclude>
    <ClInclude Include="ttObject.h">
      <Filter>Header Files</Filter>
    </ClInclude>
    <ClInclude Include="TranslatorTools.h">
      <Filter>Header Files</Filter>
    </ClInclude>
    <ClInclude Include="ttParser.h">
      <Filter>Header Files</Filter>
    </ClInclude>
    <ClInclude Include="ttDictionary.h">
      <Filter>Header Files</Filter>
    </ClInclude>
    <ClInclude Include="ttWord.h">
      <Filter>Header Files</Filter>
    </ClInclude>
    <ClInclude Include="ttFileIOManager.h">
      <Filter>Header Files</Filter>
    </ClInclude>
    <ClInclude Include="ttObjectPool.h">
      <Filter>Header Files</Filter>
    </ClInclude>
    <ClInclude Include="ttArray.h">
      <Filter>Header Files</Filter>
    </ClInclude>
    <ClInclude Include="ttBasicWordInformation.h">
      <Filter>Header Files</Filter>
    </ClInclude>
  </ItemGroup>
  <ItemGroup>
    <ClCompile Include="ttMemoryManager.cpp">
      <Filter>Source files</Filter>
    </ClCompile>
    <ClCompile Include="ttObject.cpp">
      <Filter>Source files</Filter>
    </ClCompile>
    <ClCompile Include="ttDictionary.cpp">
      <Filter>Source files</Filter>
    </ClCompile>
    <ClCompile Include="ttWord.cpp">
      <Filter>Source files</Filter>
    </ClCompile>
    <ClCompile Include="ttParser.cpp">
      <Filter>Source files</Filter>
    </ClCompile>
    <ClCompile Include="ttFileIOManager.cpp">
      <Filter>Source files</Filter>
    </ClCompile>
    <ClCompile Include="ttObjectPool.cpp">
      <Filter>Source files</Filter>
    </ClCompile>
    <ClCompile Include="ttArray.cpp">
      <Filter>Source files</Filter>
    </ClCompile>
  </ItemGroup>
</Project>