<?xml version="1.0" encoding="utf-8"?>
<Project ToolsVersion="4.0" xmlns="http://schemas.microsoft.com/developer/msbuild/2003">
  <ItemGroup>
    <Filter Include="Header Files">
      <UniqueIdentifier>{93995380-89BD-4b04-88EB-625FBE52EBFB}</UniqueIdentifier>
      <Extensions>h;hpp;hxx;hm;inl;inc;xsd</Extensions>
    </Filter>
    <Filter Include="Source files">
      <UniqueIdentifier>{df07e136-984d-475d-99a2-e2cb146c6ec9}</UniqueIdentifier>
    </Filter>
  </ItemGroup>
  <ItemGroup>
    <ClInclude Include="SharedObjects.h">
      <Filter>Header Files</Filter>
    </ClInclude>
    <ClInclude Include="tlObject.h">
      <Filter>Header Files</Filter>
    </ClInclude>
    <ClInclude Include="tlMacros.h">
      <Filter>Header Files</Filter>
    </ClInclude>
    <ClInclude Include="tlAtomic.h">
      <Filter>Header Files</Filter>
    </ClInclude>
    <ClInclude Include="tlNode.h">
      <Filter>Header Files</Filter>
    </ClInclude>
    <ClInclude Include="tlMemoryManager.h">
      <Filter>Header Files</Filter>
    </ClInclude>
    <ClInclude Include="TranslatorParser.h">
      <Filter>Header Files</Filter>
    </ClInclude>
  </ItemGroup>
  <ItemGroup>
    <ClCompile Include="tlObject.cpp">
      <Filter>Source files</Filter>
    </ClCompile>
    <ClCompile Include="tlNode.cpp">
      <Filter>Source files</Filter>
    </ClCompile>
    <ClCompile Include="tlAtomic.cpp">
      <Filter>Source files</Filter>
    </ClCompile>
    <ClCompile Include="tlMemoryManager.cpp">
      <Filter>Source files</Filter>
    </ClCompile>
  </ItemGroup>
</Project>